
Microsoft Visual Studio Solution File, Format Version 12.00
# Visual Studio Version 17
VisualStudioVersion = 17.8.34601.278
MinimumVisualStudioVersion = 10.0.40219.1
Project("{FAE04EC0-301F-11D3-BF4B-00C04F79EFBC}") = "WpfApp2", "WpfApp2\WpfApp2.csproj", "{79880651-AC50-4A41-B650-A27EF8DD9748}"
EndProject
Global
	GlobalSection(SolutionConfigurationPlatforms) = preSolution
		Debug|Any CPU = Debug|Any CPU
		Release|Any CPU = Release|Any CPU
	EndGlobalSection
	GlobalSection(ProjectConfigurationPlatforms) = postSolution
		{79880651-AC50-4A41-B650-A27EF8DD9748}.Debug|Any CPU.ActiveCfg = Debug|Any CPU
		{79880651-AC50-4A41-B650-A27EF8DD9748}.Debug|Any CPU.Build.0 = Debug|Any CPU
		{79880651-AC50-4A41-B650-A27EF8DD9748}.Release|Any CPU.ActiveCfg = Release|Any CPU
		{79880651-AC50-4A41-B650-A27EF8DD9748}.Release|Any CPU.Build.0 = Release|Any CPU
	EndGlobalSection
	GlobalSection(SolutionProperties) = preSolution
		HideSolutionNode = FALSE
	EndGlobalSection
	GlobalSection(ExtensibilityGlobals) = postSolution
		SolutionGuid = {9EDDE64E-7E6F-4776-95BD-BCE6B291A944}
	EndGlobalSection
EndGlobal
